// !$*UTF8*$!
{
	archiveVersion = 1;
	classes = {
	};
	objectVersion = 56;
	objects = {

/* Begin PBXBuildFile section */
		AA0000000000000000000101 /* FestivalGPSApp.swift in Sources */ = {isa = PBXBuildFile; fileRef = AA0000000000000000000201 /* FestivalGPSApp.swift */; };
		AA0000000000000000000102 /* FestivalGPSStore.swift in Sources */ = {isa = PBXBuildFile; fileRef = AA0000000000000000000202 /* FestivalGPSStore.swift */; };
		AA0000000000000000000103 /* FestivalModels.swift in Sources */ = {isa = PBXBuildFile; fileRef = AA0000000000000000000203 /* FestivalModels.swift */; };
		AA0000000000000000000104 /* StageDirectory.swift in Sources */ = {isa = PBXBuildFile; fileRef = AA0000000000000000000204 /* StageDirectory.swift */; };
		AA0000000000000000000105 /* SampleData.swift in Sources */ = {isa = PBXBuildFile; fileRef = AA0000000000000000000205 /* SampleData.swift */; };
		AA0000000000000000000106 /* ScheduleParser.swift in Sources */ = {isa = PBXBuildFile; fileRef = AA0000000000000000000206 /* ScheduleParser.swift */; };
		AA0000000000000000000107 /* ScheduleImageReader.swift in Sources */ = {isa = PBXBuildFile; fileRef = AA0000000000000000000207 /* ScheduleImageReader.swift */; };
		AA0000000000000000000108 /* Color+Hex.swift in Sources */ = {isa = PBXBuildFile; fileRef = AA0000000000000000000208 /* Color+Hex.swift */; };
		AA0000000000000000000109 /* FestivalMapScreen.swift in Sources */ = {isa = PBXBuildFile; fileRef = AA0000000000000000000209 /* FestivalMapScreen.swift */; };
		AA0000000000000000000110 /* MapCanvasView.swift in Sources */ = {isa = PBXBuildFile; fileRef = AA0000000000000000000210 /* MapCanvasView.swift */; };
		AA0000000000000000000111 /* PinView.swift in Sources */ = {isa = PBXBuildFile; fileRef = AA0000000000000000000211 /* PinView.swift */; };
		AA0000000000000000000112 /* TimelineControl.swift in Sources */ = {isa = PBXBuildFile; fileRef = AA0000000000000000000212 /* TimelineControl.swift */; };
		AA0000000000000000000113 /* ScheduleUploadSheet.swift in Sources */ = {isa = PBXBuildFile; fileRef = AA0000000000000000000213 /* ScheduleUploadSheet.swift */; };
		AA0000000000000000000114 /* ProfileSheet.swift in Sources */ = {isa = PBXBuildFile; fileRef = AA0000000000000000000214 /* ProfileSheet.swift */; };
		AA0000000000000000000115 /* FriendListPanel.swift in Sources */ = {isa = PBXBuildFile; fileRef = AA0000000000000000000215 /* FriendListPanel.swift */; };
		AA0000000000000000000116 /* Assets.xcassets in Resources */ = {isa = PBXBuildFile; fileRef = AA0000000000000000000216 /* Assets.xcassets */; };
/* End PBXBuildFile section */

/* Begin PBXFileReference section */
		AA0000000000000000000200 /* FestivalGPS.app */ = {isa = PBXFileReference; explicitFileType = wrapper.application; includeInIndex = 0; path = FestivalGPS.app; sourceTree = BUILT_PRODUCTS_DIR; };
		AA0000000000000000000201 /* FestivalGPSApp.swift */ = {isa = PBXFileReference; lastKnownFileType = sourcecode.swift; path = FestivalGPSApp.swift; sourceTree = "<group>"; };
		AA0000000000000000000202 /* FestivalGPSStore.swift */ = {isa = PBXFileReference; lastKnownFileType = sourcecode.swift; path = FestivalGPSStore.swift; sourceTree = "<group>"; };
		AA0000000000000000000203 /* FestivalModels.swift */ = {isa = PBXFileReference; lastKnownFileType = sourcecode.swift; path = FestivalModels.swift; sourceTree = "<group>"; };
		AA0000000000000000000204 /* StageDirectory.swift */ = {isa = PBXFileReference; lastKnownFileType = sourcecode.swift; path = StageDirectory.swift; sourceTree = "<group>"; };
		AA0000000000000000000205 /* SampleData.swift */ = {isa = PBXFileReference; lastKnownFileType = sourcecode.swift; path = SampleData.swift; sourceTree = "<group>"; };
		AA0000000000000000000206 /* ScheduleParser.swift */ = {isa = PBXFileReference; lastKnownFileType = sourcecode.swift; path = ScheduleParser.swift; sourceTree = "<group>"; };
		AA0000000000000000000207 /* ScheduleImageReader.swift */ = {isa = PBXFileReference; lastKnownFileType = sourcecode.swift; path = ScheduleImageReader.swift; sourceTree = "<group>"; };
		AA0000000000000000000208 /* Color+Hex.swift */ = {isa = PBXFileReference; lastKnownFileType = sourcecode.swift; path = "Color+Hex.swift"; sourceTree = "<group>"; };
		AA0000000000000000000209 /* FestivalMapScreen.swift */ = {isa = PBXFileReference; lastKnownFileType = sourcecode.swift; path = FestivalMapScreen.swift; sourceTree = "<group>"; };
		AA0000000000000000000210 /* MapCanvasView.swift */ = {isa = PBXFileReference; lastKnownFileType = sourcecode.swift; path = MapCanvasView.swift; sourceTree = "<group>"; };
		AA0000000000000000000211 /* PinView.swift */ = {isa = PBXFileReference; lastKnownFileType = sourcecode.swift; path = PinView.swift; sourceTree = "<group>"; };
		AA0000000000000000000212 /* TimelineControl.swift */ = {isa = PBXFileReference; lastKnownFileType = sourcecode.swift; path = TimelineControl.swift; sourceTree = "<group>"; };
		AA0000000000000000000213 /* ScheduleUploadSheet.swift */ = {isa = PBXFileReference; lastKnownFileType = sourcecode.swift; path = ScheduleUploadSheet.swift; sourceTree = "<group>"; };
		AA0000000000000000000214 /* ProfileSheet.swift */ = {isa = PBXFileReference; lastKnownFileType = sourcecode.swift; path = ProfileSheet.swift; sourceTree = "<group>"; };
		AA0000000000000000000215 /* FriendListPanel.swift */ = {isa = PBXFileReference; lastKnownFileType = sourcecode.swift; path = FriendListPanel.swift; sourceTree = "<group>"; };
		AA0000000000000000000216 /* Assets.xcassets */ = {isa = PBXFileReference; lastKnownFileType = folder.assetcatalog; path = Assets.xcassets; sourceTree = "<group>"; };
/* End PBXFileReference section */

/* Begin PBXFrameworksBuildPhase section */
		AA0000000000000000000301 /* Frameworks */ = {
			isa = PBXFrameworksBuildPhase;
			buildActionMask = 2147483647;
			files = (
			);
			runOnlyForDeploymentPostprocessing = 0;
		};
/* End PBXFrameworksBuildPhase section */

/* Begin PBXGroup section */
		AA0000000000000000000401 = {
			isa = PBXGroup;
			children = (
				AA0000000000000000000403 /* FestivalGPS */,
				AA0000000000000000000402 /* Products */,
			);
			sourceTree = "<group>";
		};
		AA0000000000000000000402 /* Products */ = {
			isa = PBXGroup;
			children = (
				AA0000000000000000000200 /* FestivalGPS.app */,
			);
			name = Products;
			sourceTree = "<group>";
		};
		AA0000000000000000000403 /* FestivalGPS */ = {
			isa = PBXGroup;
			children = (
				AA0000000000000000000404 /* App */,
				AA0000000000000000000405 /* Store */,
				AA0000000000000000000406 /* Models */,
				AA0000000000000000000407 /* Services */,
				AA0000000000000000000408 /* Views */,
				AA0000000000000000000216 /* Assets.xcassets */,
			);
			path = FestivalGPS;
			sourceTree = "<group>";
		};
		AA0000000000000000000404 /* App */ = {
			isa = PBXGroup;
			children = (
				AA0000000000000000000201 /* FestivalGPSApp.swift */,
			);
			path = App;
			sourceTree = "<group>";
		};
		AA0000000000000000000405 /* Store */ = {
			isa = PBXGroup;
			children = (
				AA0000000000000000000202 /* FestivalGPSStore.swift */,
			);
			path = Store;
			sourceTree = "<group>";
		};
		AA0000000000000000000406 /* Models */ = {
			isa = PBXGroup;
			children = (
				AA0000000000000000000203 /* FestivalModels.swift */,
				AA0000000000000000000204 /* StageDirectory.swift */,
				AA0000000000000000000205 /* SampleData.swift */,
			);
			path = Models;
			sourceTree = "<group>";
		};
		AA0000000000000000000407 /* Services */ = {
			isa = PBXGroup;
			children = (
				AA0000000000000000000206 /* ScheduleParser.swift */,
				AA0000000000000000000207 /* ScheduleImageReader.swift */,
			);
			path = Services;
			sourceTree = "<group>";
		};
		AA0000000000000000000408 /* Views */ = {
			isa = PBXGroup;
			children = (
				AA0000000000000000000208 /* Color+Hex.swift */,
				AA0000000000000000000209 /* FestivalMapScreen.swift */,
				AA0000000000000000000210 /* MapCanvasView.swift */,
				AA0000000000000000000211 /* PinView.swift */,
				AA0000000000000000000212 /* TimelineControl.swift */,
				AA0000000000000000000213 /* ScheduleUploadSheet.swift */,
				AA0000000000000000000214 /* ProfileSheet.swift */,
				AA0000000000000000000215 /* FriendListPanel.swift */,
			);
			path = Views;
			sourceTree = "<group>";
		};
/* End PBXGroup section */

/* Begin PBXNativeTarget section */
		AA0000000000000000000501 /* FestivalGPS */ = {
			isa = PBXNativeTarget;
			buildConfigurationList = AA0000000000000000000902 /* Build configuration list for PBXNativeTarget "FestivalGPS" */;
			buildPhases = (
				AA0000000000000000000601 /* Sources */,
				AA0000000000000000000301 /* Frameworks */,
				AA0000000000000000000701 /* Resources */,
			);
			buildRules = (
			);
			dependencies = (
			);
			name = FestivalGPS;
			productName = FestivalGPS;
			productReference = AA0000000000000000000200 /* FestivalGPS.app */;
			productType = "com.apple.product-type.application";
		};
/* End PBXNativeTarget section */

/* Begin PBXProject section */
		AA0000000000000000000801 /* Project object */ = {
			isa = PBXProject;
			attributes = {
				BuildIndependentTargetsInParallel = 1;
				LastSwiftUpdateCheck = 1620;
				LastUpgradeCheck = 1620;
				TargetAttributes = {
					AA0000000000000000000501 = {
						CreatedOnToolsVersion = 16.2;
					};
				};
			};
			buildConfigurationList = AA0000000000000000000901 /* Build configuration list for PBXProject "FestivalGPS" */;
			compatibilityVersion = "Xcode 14.0";
			developmentRegion = en;
			hasScannedForEncodings = 0;
			knownRegions = (
				en,
				Base,
			);
			mainGroup = AA0000000000000000000401;
			productRefGroup = AA0000000000000000000402 /* Products */;
			projectDirPath = "";
			projectRoot = "";
			targets = (
				AA0000000000000000000501 /* FestivalGPS */,
			);
		};
/* End PBXProject section */

/* Begin PBXResourcesBuildPhase section */
		AA0000000000000000000701 /* Resources */ = {
			isa = PBXResourcesBuildPhase;
			buildActionMask = 2147483647;
			files = (
				AA0000000000000000000116 /* Assets.xcassets in Resources */,
			);
			runOnlyForDeploymentPostprocessing = 0;
		};
/* End PBXResourcesBuildPhase section */

/* Begin PBXSourcesBuildPhase section */
		AA0000000000000000000601 /* Sources */ = {
			isa = PBXSourcesBuildPhase;
			buildActionMask = 2147483647;
			files = (
				AA0000000000000000000101 /* FestivalGPSApp.swift in Sources */,
				AA0000000000000000000102 /* FestivalGPSStore.swift in Sources */,
				AA0000000000000000000103 /* FestivalModels.swift in Sources */,
				AA0000000000000000000104 /* StageDirectory.swift in Sources */,
				AA0000000000000000000105 /* SampleData.swift in Sources */,
				AA0000000000000000000106 /* ScheduleParser.swift in Sources */,
				AA0000000000000000000107 /* ScheduleImageReader.swift in Sources */,
				AA0000000000000000000108 /* Color+Hex.swift in Sources */,
				AA0000000000000000000109 /* FestivalMapScreen.swift in Sources */,
				AA0000000000000000000110 /* MapCanvasView.swift in Sources */,
				AA0000000000000000000111 /* PinView.swift in Sources */,
				AA0000000000000000000112 /* TimelineControl.swift in Sources */,
				AA0000000000000000000113 /* ScheduleUploadSheet.swift in Sources */,
				AA0000000000000000000114 /* ProfileSheet.swift in Sources */,
				AA0000000000000000000115 /* FriendListPanel.swift in Sources */,
			);
			runOnlyForDeploymentPostprocessing = 0;
		};
/* End PBXSourcesBuildPhase section */

/* Begin XCBuildConfiguration section */
		AA0000000000000000001001 /* Debug */ = {
			isa = XCBuildConfiguration;
			buildSettings = {
				ALWAYS_SEARCH_USER_PATHS = NO;
				CLANG_ANALYZER_NONNULL = YES;
				CLANG_ANALYZER_NUMBER_OBJECT_CONVERSION = YES_AGGRESSIVE;
				CLANG_CXX_LANGUAGE_STANDARD = "gnu++20";
				CLANG_ENABLE_MODULES = YES;
				CLANG_ENABLE_OBJC_ARC = YES;
				CLANG_ENABLE_OBJC_WEAK = YES;
				CLANG_WARN_BLOCK_CAPTURE_AUTORELEASING = YES;
				CLANG_WARN_BOOL_CONVERSION = YES;
				CLANG_WARN_COMMA = YES;
				CLANG_WARN_CONSTANT_CONVERSION = YES;
				CLANG_WARN_DEPRECATED_OBJC_IMPLEMENTATIONS = YES;
				CLANG_WARN_DIRECT_OBJC_ISA_USAGE = YES_ERROR;
				CLANG_WARN_DOCUMENTATION_COMMENTS = YES;
				CLANG_WARN_EMPTY_BODY = YES;
				CLANG_WARN_ENUM_CONVERSION = YES;
				CLANG_WARN_INFINITE_RECURSION = YES;
				CLANG_WARN_INT_CONVERSION = YES;
				CLANG_WARN_NON_LITERAL_NULL_CONVERSION = YES;
				CLANG_WARN_OBJC_IMPLICIT_RETAIN_SELF = YES;
				CLANG_WARN_OBJC_LITERAL_CONVERSION = YES;
				CLANG_WARN_OBJC_ROOT_CLASS = YES_ERROR;
				CLANG_WARN_QUOTED_INCLUDE_IN_FRAMEWORK_HEADER = YES;
				CLANG_WARN_RANGE_LOOP_ANALYSIS = YES;
				CLANG_WARN_STRICT_PROTOTYPES = YES;
				CLANG_WARN_SUSPICIOUS_MOVE = YES;
				CLANG_WARN_UNGUARDED_AVAILABILITY = YES_AGGRESSIVE;
				CLANG_WARN_UNREACHABLE_CODE = YES;
				CLANG_WARN__DUPLICATE_METHOD_MATCH = YES;
				COPY_PHASE_STRIP = NO;
				DEBUG_INFORMATION_FORMAT = dwarf;
				ENABLE_STRICT_OBJC_MSGSEND = YES;
				ENABLE_TESTABILITY = YES;
				ENABLE_USER_SCRIPT_SANDBOXING = YES;
				GCC_C_LANGUAGE_STANDARD = gnu17;
				GCC_DYNAMIC_NO_PIC = NO;
				GCC_NO_COMMON_BLOCKS = YES;
				GCC_OPTIMIZATION_LEVEL = 0;
				GCC_PREPROCESSOR_DEFINITIONS = (
					"DEBUG=1",
					"$(inherited)",
				);
				GCC_WARN_64_TO_32_BIT_CONVERSION = YES;
				GCC_WARN_ABOUT_RETURN_TYPE = YES_ERROR;
				GCC_WARN_UNDECLARED_SELECTOR = YES;
				GCC_WARN_UNINITIALIZED_AUTOS = YES_AGGRESSIVE;
				GCC_WARN_UNUSED_FUNCTION = YES;
				GCC_WARN_UNUSED_VARIABLE = YES;
				IPHONEOS_DEPLOYMENT_TARGET = 17.0;
				MTL_ENABLE_DEBUG_INFO = INCLUDE_SOURCE;
				MTL_FAST_MATH = YES;
				ONLY_ACTIVE_ARCH = YES;
				SDKROOT = iphoneos;
				SWIFT_ACTIVE_COMPILATION_CONDITIONS = "DEBUG $(inherited)";
			};
			name = Debug;
		};
		AA0000000000000000001002 /* Release */ = {
			isa = XCBuildConfiguration;
			buildSettings = {
				ALWAYS_SEARCH_USER_PATHS = NO;
				CLANG_ANALYZER_NONNULL = YES;
				CLANG_ANALYZER_NUMBER_OBJECT_CONVERSION = YES_AGGRESSIVE;
				CLANG_CXX_LANGUAGE_STANDARD = "gnu++20";
				CLANG_ENABLE_MODULES = YES;
				CLANG_ENABLE_OBJC_ARC = YES;
				CLANG_ENABLE_OBJC_WEAK = YES;
				CLANG_WARN_BLOCK_CAPTURE_AUTORELEASING = YES;
				CLANG_WARN_BOOL_CONVERSION = YES;
				CLANG_WARN_COMMA = YES;
				CLANG_WARN_CONSTANT_CONVERSION = YES;
				CLANG_WARN_DEPRECATED_OBJC_IMPLEMENTATIONS = YES;
				CLANG_WARN_DIRECT_OBJC_ISA_USAGE = YES_ERROR;
				CLANG_WARN_DOCUMENTATION_COMMENTS = YES;
				CLANG_WARN_EMPTY_BODY = YES;
				CLANG_WARN_ENUM_CONVERSION = YES;
				CLANG_WARN_INFINITE_RECURSION = YES;
				CLANG_WARN_INT_CONVERSION = YES;
				CLANG_WARN_NON_LITERAL_NULL_CONVERSION = YES;
				CLANG_WARN_OBJC_IMPLICIT_RETAIN_SELF = YES;
				CLANG_WARN_OBJC_LITERAL_CONVERSION = YES;
				CLANG_WARN_OBJC_ROOT_CLASS = YES_ERROR;
				CLANG_WARN_QUOTED_INCLUDE_IN_FRAMEWORK_HEADER = YES;
				CLANG_WARN_RANGE_LOOP_ANALYSIS = YES;
				CLANG_WARN_STRICT_PROTOTYPES = YES;
				CLANG_WARN_SUSPICIOUS_MOVE = YES;
				CLANG_WARN_UNGUARDED_AVAILABILITY = YES_AGGRESSIVE;
				CLANG_WARN_UNREACHABLE_CODE = YES;
				CLANG_WARN__DUPLICATE_METHOD_MATCH = YES;
				COPY_PHASE_STRIP = NO;
				DEBUG_INFORMATION_FORMAT = "dwarf-with-dsym";
				ENABLE_NS_ASSERTIONS = NO;
				ENABLE_STRICT_OBJC_MSGSEND = YES;
				ENABLE_USER_SCRIPT_SANDBOXING = YES;
				GCC_C_LANGUAGE_STANDARD = gnu17;
				GCC_NO_COMMON_BLOCKS = YES;
				GCC_WARN_64_TO_32_BIT_CONVERSION = YES;
				GCC_WARN_ABOUT_RETURN_TYPE = YES_ERROR;
				GCC_WARN_UNDECLARED_SELECTOR = YES;
				GCC_WARN_UNINITIALIZED_AUTOS = YES_AGGRESSIVE;
				GCC_WARN_UNUSED_FUNCTION = YES;
				GCC_WARN_UNUSED_VARIABLE = YES;
				IPHONEOS_DEPLOYMENT_TARGET = 17.0;
				MTL_ENABLE_DEBUG_INFO = NO;
				MTL_FAST_MATH = YES;
				SDKROOT = iphoneos;
				SWIFT_COMPILATION_MODE = wholemodule;
				VALIDATE_PRODUCT = YES;
			};
			name = Release;
		};
		AA0000000000000000001003 /* Debug */ = {
			isa = XCBuildConfiguration;
			buildSettings = {
				ASSETCATALOG_COMPILER_GLOBAL_ACCENT_COLOR_NAME = AccentColor;
				CODE_SIGN_STYLE = Automatic;
				CURRENT_PROJECT_VERSION = 1;
				DEVELOPMENT_TEAM = "";
				ENABLE_PREVIEWS = YES;
				GENERATE_INFOPLIST_FILE = YES;
				INFOPLIST_KEY_CFBundleDisplayName = "Festival GPS";
				INFOPLIST_KEY_LSApplicationCategoryType = "public.app-category.navigation";
				INFOPLIST_KEY_NSPhotoLibraryUsageDescription = "Festival GPS uses selected photos for profile pictures and schedule OCR.";
				INFOPLIST_KEY_UIApplicationSceneManifest_Generation = YES;
				INFOPLIST_KEY_UIApplicationSupportsIndirectInputEvents = YES;
				INFOPLIST_KEY_UILaunchScreen_Generation = YES;
				INFOPLIST_KEY_UISupportedInterfaceOrientations_iPhone = "UIInterfaceOrientationPortrait";
				IPHONEOS_DEPLOYMENT_TARGET = 17.0;
				MARKETING_VERSION = 1.0;
				PRODUCT_BUNDLE_IDENTIFIER = com.festivalgps.app;
				PRODUCT_NAME = "$(TARGET_NAME)";
				SUPPORTED_PLATFORMS = "iphoneos iphonesimulator";
				SUPPORTS_MACCATALYST = NO;
				SWIFT_EMIT_LOC_STRINGS = YES;
				SWIFT_VERSION = 5.0;
				TARGETED_DEVICE_FAMILY = 1;
			};
			name = Debug;
		};
		AA0000000000000000001004 /* Release */ = {
			isa = XCBuildConfiguration;
			buildSettings = {
				ASSETCATALOG_COMPILER_GLOBAL_ACCENT_COLOR_NAME = AccentColor;
				CODE_SIGN_STYLE = Automatic;
				CURRENT_PROJECT_VERSION = 1;
				DEVELOPMENT_TEAM = "";
				ENABLE_PREVIEWS = YES;
				GENERATE_INFOPLIST_FILE = YES;
				INFOPLIST_KEY_CFBundleDisplayName = "Festival GPS";
				INFOPLIST_KEY_LSApplicationCategoryType = "public.app-category.navigation";
				INFOPLIST_KEY_NSPhotoLibraryUsageDescription = "Festival GPS uses selected photos for profile pictures and schedule OCR.";
				INFOPLIST_KEY_UIApplicationSceneManifest_Generation = YES;
				INFOPLIST_KEY_UIApplicationSupportsIndirectInputEvents = YES;
				INFOPLIST_KEY_UILaunchScreen_Generation = YES;
				INFOPLIST_KEY_UISupportedInterfaceOrientations_iPhone = "UIInterfaceOrientationPortrait";
				IPHONEOS_DEPLOYMENT_TARGET = 17.0;
				MARKETING_VERSION = 1.0;
				PRODUCT_BUNDLE_IDENTIFIER = com.festivalgps.app;
				PRODUCT_NAME = "$(TARGET_NAME)";
				SUPPORTED_PLATFORMS = "iphoneos iphonesimulator";
				SUPPORTS_MACCATALYST = NO;
				SWIFT_EMIT_LOC_STRINGS = YES;
				SWIFT_VERSION = 5.0;
				TARGETED_DEVICE_FAMILY = 1;
			};
			name = Release;
		};
/* End XCBuildConfiguration section */

/* Begin XCConfigurationList section */
		AA0000000000000000000901 /* Build configuration list for PBXProject "FestivalGPS" */ = {
			isa = XCConfigurationList;
			buildConfigurations = (
				AA0000000000000000001001 /* Debug */,
				AA0000000000000000001002 /* Release */,
			);
			defaultConfigurationIsVisible = 0;
			defaultConfigurationName = Release;
		};
		AA0000000000000000000902 /* Build configuration list for PBXNativeTarget "FestivalGPS" */ = {
			isa = XCConfigurationList;
			buildConfigurations = (
				AA0000000000000000001003 /* Debug */,
				AA0000000000000000001004 /* Release */,
			);
			defaultConfigurationIsVisible = 0;
			defaultConfigurationName = Release;
		};
/* End XCConfigurationList section */
	};
	rootObject = AA0000000000000000000801 /* Project object */;
}
